
Microsoft Visual Studio Solution File, Format Version 12.00
# Visual Studio Version 17
VisualStudioVersion = 17.10.34916.146
MinimumVisualStudioVersion = 10.0.40219.1
Project("{FAE04EC0-301F-11D3-BF4B-00C04F79EFBC}") = "BookShop", "BookShop\BookShop.csproj", "{B983DD75-1036-4E90-A1A1-5929CD4E91C9}"
EndProject
Global
	GlobalSection(SolutionConfigurationPlatforms) = preSolution
		Debug|Any CPU = Debug|Any CPU
		Release|Any CPU = Release|Any CPU
	EndGlobalSection
	GlobalSection(ProjectConfigurationPlatforms) = postSolution
		{B983DD75-1036-4E90-A1A1-5929CD4E91C9}.Debug|Any CPU.ActiveCfg = Debug|Any CPU
		{B983DD75-1036-4E90-A1A1-5929CD4E91C9}.Debug|Any CPU.Build.0 = Debug|Any CPU
		{B983DD75-1036-4E90-A1A1-5929CD4E91C9}.Release|Any CPU.ActiveCfg = Release|Any CPU
		{B983DD75-1036-4E90-A1A1-5929CD4E91C9}.Release|Any CPU.Build.0 = Release|Any CPU
	EndGlobalSection
	GlobalSection(SolutionProperties) = preSolution
		HideSolutionNode = FALSE
	EndGlobalSection
	GlobalSection(ExtensibilityGlobals) = postSolution
		SolutionGuid = {9798537F-C254-41E6-A88D-9A462BEFCF23}
	EndGlobalSection
EndGlobal
